
Microsoft Visual Studio Solution File, Format Version 12.00
Project("{FAE04EC0-301F-11D3-BF4B-00C04F79EFBC}") = "Task9", "Task9.csproj", "{1931313C-4F7B-4180-8A38-15C2CD3FF494}"
EndProject
Global
	GlobalSection(SolutionConfigurationPlatforms) = preSolution
		Debug|Any CPU = Debug|Any CPU
		Release|Any CPU = Release|Any CPU
	EndGlobalSection
	GlobalSection(ProjectConfigurationPlatforms) = postSolution
		{1931313C-4F7B-4180-8A38-15C2CD3FF494}.Debug|Any CPU.ActiveCfg = Debug|Any CPU
		{1931313C-4F7B-4180-8A38-15C2CD3FF494}.Debug|Any CPU.Build.0 = Debug|Any CPU
		{1931313C-4F7B-4180-8A38-15C2CD3FF494}.Release|Any CPU.ActiveCfg = Release|Any CPU
		{1931313C-4F7B-4180-8A38-15C2CD3FF494}.Release|Any CPU.Build.0 = Release|Any CPU
	EndGlobalSection
EndGlobal
